
Microsoft Visual Studio Solution File, Format Version 12.00
# Visual Studio 15
VisualStudioVersion = 15.0.27703.2035
MinimumVisualStudioVersion = 10.0.40219.1
Project("{FAE04EC0-301F-11D3-BF4B-00C04F79EFBC}") = "DVDLibrary", "DVDLibrary\DVDLibrary.csproj", "{F286A0A5-8542-4A35-984D-D9A798F08355}"
EndProject
Project("{FAE04EC0-301F-11D3-BF4B-00C04F79EFBC}") = "DVDLibrary.Data", "DVDLibrary.Data\DVDLibrary.Data.csproj", "{6D974F1F-DCCF-45ED-9137-9DB03C19CC13}"
EndProject
Global
	GlobalSection(SolutionConfigurationPlatforms) = preSolution
		Debug|Any CPU = Debug|Any CPU
		Release|Any CPU = Release|Any CPU
	EndGlobalSection
	GlobalSection(ProjectConfigurationPlatforms) = postSolution
		{F286A0A5-8542-4A35-984D-D9A798F08355}.Debug|Any CPU.ActiveCfg = Debug|Any CPU
		{F286A0A5-8542-4A35-984D-D9A798F08355}.Debug|Any CPU.Build.0 = Debug|Any CPU
		{F286A0A5-8542-4A35-984D-D9A798F08355}.Release|Any CPU.ActiveCfg = Release|Any CPU
		{F286A0A5-8542-4A35-984D-D9A798F08355}.Release|Any CPU.Build.0 = Release|Any CPU
		{6D974F1F-DCCF-45ED-9137-9DB03C19CC13}.Debug|Any CPU.ActiveCfg = Debug|Any CPU
		{6D974F1F-DCCF-45ED-9137-9DB03C19CC13}.Debug|Any CPU.Build.0 = Debug|Any CPU
		{6D974F1F-DCCF-45ED-9137-9DB03C19CC13}.Release|Any CPU.ActiveCfg = Release|Any CPU
		{6D974F1F-DCCF-45ED-9137-9DB03C19CC13}.Release|Any CPU.Build.0 = Release|Any CPU
	EndGlobalSection
	GlobalSection(SolutionProperties) = preSolution
		HideSolutionNode = FALSE
	EndGlobalSection
	GlobalSection(ExtensibilityGlobals) = postSolution
		SolutionGuid = {F0D29495-694E-4147-BFA3-62A37DD74DED}
	EndGlobalSection
EndGlobal
